
Microsoft Visual Studio Solution File, Format Version 10.00
# Visual Studio 2008
Project("{FAE04EC0-301F-11D3-BF4B-00C04F79EFBC}") = "XReport", "XReport\XReport.csproj", "{4D0C1C35-A536-4882-95D8-020C719A4668}"
EndProject
Project("{FAE04EC0-301F-11D3-BF4B-00C04F79EFBC}") = "test", "test\test.csproj", "{7A727518-CADE-435D-98B8-A47F19D4A30C}"
EndProject
Global
	GlobalSection(SolutionConfigurationPlatforms) = preSolution
		Debug|Any CPU = Debug|Any CPU
		Release|Any CPU = Release|Any CPU
	EndGlobalSection
	GlobalSection(ProjectConfigurationPlatforms) = postSolution
		{4D0C1C35-A536-4882-95D8-020C719A4668}.Debug|Any CPU.ActiveCfg = Debug|Any CPU
		{4D0C1C35-A536-4882-95D8-020C719A4668}.Debug|Any CPU.Build.0 = Debug|Any CPU
		{4D0C1C35-A536-4882-95D8-020C719A4668}.Release|Any CPU.ActiveCfg = Release|Any CPU
		{4D0C1C35-A536-4882-95D8-020C719A4668}.Release|Any CPU.Build.0 = Release|Any CPU
		{7A727518-CADE-435D-98B8-A47F19D4A30C}.Debug|Any CPU.ActiveCfg = Debug|Any CPU
		{7A727518-CADE-435D-98B8-A47F19D4A30C}.Debug|Any CPU.Build.0 = Debug|Any CPU
		{7A727518-CADE-435D-98B8-A47F19D4A30C}.Release|Any CPU.ActiveCfg = Release|Any CPU
		{7A727518-CADE-435D-98B8-A47F19D4A30C}.Release|Any CPU.Build.0 = Release|Any CPU
	EndGlobalSection
	GlobalSection(SolutionProperties) = preSolution
		HideSolutionNode = FALSE
	EndGlobalSection
EndGlobal
