
Microsoft Visual Studio Solution File, Format Version 10.00
# Visual Studio 2008
Project("{FAE04EC0-301F-11D3-BF4B-00C04F79EFBC}") = "U8Global", "U8Global\U8Global.csproj", "{6BACBAED-0477-4257-9CC6-4A34C8DF5348}"
EndProject
Project("{FAE04EC0-301F-11D3-BF4B-00C04F79EFBC}") = "FrmLookUp", "FrmLookUp\FrmLookUp\FrmLookUp.csproj", "{01BB71DB-32EF-4CE1-8816-BFD923E6A073}"
EndProject
Project("{FAE04EC0-301F-11D3-BF4B-00C04F79EFBC}") = "DataAccess", "DataAcc\DataAccess\DataAccess.csproj", "{65553188-3F9E-4ECA-A189-63C068D54D80}"
EndProject
Project("{FAE04EC0-301F-11D3-BF4B-00C04F79EFBC}") = "Install", "Install\Install.csproj", "{BBCF10B4-90DF-413D-B8E6-AA14BF714D9F}"
EndProject
Project("{FAE04EC0-301F-11D3-BF4B-00C04F79EFBC}") = "Inscallback", "Icallback\Inscallback.csproj", "{9F0904A9-399C-4CE8-9914-493439390D68}"
EndProject
Project("{FAE04EC0-301F-11D3-BF4B-00C04F79EFBC}") = "Inssupport", "Inssupport\Inssupport.csproj", "{5A7A805A-FE32-465B-8E7B-BA35795E4E26}"
EndProject
Project("{FAE04EC0-301F-11D3-BF4B-00C04F79EFBC}") = "RiLiGlobal", "RiLiGlobal\RiLiGlobal.csproj", "{F5D593BA-4C43-4392-8A48-AA79B29DB1FB}"
EndProject
Project("{FAE04EC0-301F-11D3-BF4B-00C04F79EFBC}") = "BillBase", "Source\BillBase\BillBase\BillBase.csproj", "{A841E4DD-6182-40E6-A880-E466F6DAB7AE}"
EndProject
Project("{FAE04EC0-301F-11D3-BF4B-00C04F79EFBC}") = "Repair", "Repair\Repair.csproj", "{D56FBC39-1D38-4814-87F8-D4185B82B2ED}"
EndProject
Project("{FAE04EC0-301F-11D3-BF4B-00C04F79EFBC}") = "Global", "Source\IImportData\Global.csproj", "{CDA22C4E-437E-47C0-887C-8EED17F13A17}"
EndProject
Project("{FAE04EC0-301F-11D3-BF4B-00C04F79EFBC}") = "FormMain", "Source\FormMain\FormMain\FormMain.csproj", "{51654E39-1E67-4A9E-8F37-8325E3B5B7A4}"
EndProject
Project("{FAE04EC0-301F-11D3-BF4B-00C04F79EFBC}") = "InsMessage", "InsMessage\InsMessage.csproj", "{CF09F575-015E-4D86-91DD-80CC3291583D}"
EndProject
Project("{FAE04EC0-301F-11D3-BF4B-00C04F79EFBC}") = "Message", "Source\Message\Message\Message.csproj", "{79DBF057-614E-426D-A83B-AB1754369FBF}"
EndProject
Project("{FAE04EC0-301F-11D3-BF4B-00C04F79EFBC}") = "Report", "Source\Report\Report\Report.csproj", "{7AB5085C-67DD-4624-95A3-64BC1BF3396B}"
EndProject
Project("{FAE04EC0-301F-11D3-BF4B-00C04F79EFBC}") = "XReport", "Source\XReport\XReport\XReport.csproj", "{4D0C1C35-A536-4882-95D8-020C719A4668}"
EndProject
Project("{FAE04EC0-301F-11D3-BF4B-00C04F79EFBC}") = "RLBase", "RLBase\RLBase.csproj", "{425022FE-7D67-42C0-A3C6-0976549E9D47}"
EndProject
Project("{FAE04EC0-301F-11D3-BF4B-00C04F79EFBC}") = "Common", "Common\Common.csproj", "{F6F6243C-0517-4976-B7A3-6BBF0DE3EDEE}"
EndProject
Global
	GlobalSection(SolutionConfigurationPlatforms) = preSolution
		Debug|Any CPU = Debug|Any CPU
		Debug|x86 = Debug|x86
		Release|Any CPU = Release|Any CPU
		Release|x86 = Release|x86
	EndGlobalSection
	GlobalSection(ProjectConfigurationPlatforms) = postSolution
		{6BACBAED-0477-4257-9CC6-4A34C8DF5348}.Debug|Any CPU.ActiveCfg = Debug|Any CPU
		{6BACBAED-0477-4257-9CC6-4A34C8DF5348}.Debug|Any CPU.Build.0 = Debug|Any CPU
		{6BACBAED-0477-4257-9CC6-4A34C8DF5348}.Debug|x86.ActiveCfg = Debug|Any CPU
		{6BACBAED-0477-4257-9CC6-4A34C8DF5348}.Release|Any CPU.ActiveCfg = Release|Any CPU
		{6BACBAED-0477-4257-9CC6-4A34C8DF5348}.Release|Any CPU.Build.0 = Release|Any CPU
		{6BACBAED-0477-4257-9CC6-4A34C8DF5348}.Release|x86.ActiveCfg = Release|Any CPU
		{01BB71DB-32EF-4CE1-8816-BFD923E6A073}.Debug|Any CPU.ActiveCfg = Debug|Any CPU
		{01BB71DB-32EF-4CE1-8816-BFD923E6A073}.Debug|Any CPU.Build.0 = Debug|Any CPU
		{01BB71DB-32EF-4CE1-8816-BFD923E6A073}.Debug|x86.ActiveCfg = Debug|Any CPU
		{01BB71DB-32EF-4CE1-8816-BFD923E6A073}.Release|Any CPU.ActiveCfg = Release|Any CPU
		{01BB71DB-32EF-4CE1-8816-BFD923E6A073}.Release|Any CPU.Build.0 = Release|Any CPU
		{01BB71DB-32EF-4CE1-8816-BFD923E6A073}.Release|x86.ActiveCfg = Release|Any CPU
		{65553188-3F9E-4ECA-A189-63C068D54D80}.Debug|Any CPU.ActiveCfg = Debug|Any CPU
		{65553188-3F9E-4ECA-A189-63C068D54D80}.Debug|Any CPU.Build.0 = Debug|Any CPU
		{65553188-3F9E-4ECA-A189-63C068D54D80}.Debug|x86.ActiveCfg = Debug|Any CPU
		{65553188-3F9E-4ECA-A189-63C068D54D80}.Release|Any CPU.ActiveCfg = Release|Any CPU
		{65553188-3F9E-4ECA-A189-63C068D54D80}.Release|Any CPU.Build.0 = Release|Any CPU
		{65553188-3F9E-4ECA-A189-63C068D54D80}.Release|x86.ActiveCfg = Release|Any CPU
		{BBCF10B4-90DF-413D-B8E6-AA14BF714D9F}.Debug|Any CPU.ActiveCfg = Debug|Any CPU
		{BBCF10B4-90DF-413D-B8E6-AA14BF714D9F}.Debug|Any CPU.Build.0 = Debug|Any CPU
		{BBCF10B4-90DF-413D-B8E6-AA14BF714D9F}.Debug|x86.ActiveCfg = Debug|Any CPU
		{BBCF10B4-90DF-413D-B8E6-AA14BF714D9F}.Release|Any CPU.ActiveCfg = Release|Any CPU
		{BBCF10B4-90DF-413D-B8E6-AA14BF714D9F}.Release|Any CPU.Build.0 = Release|Any CPU
		{BBCF10B4-90DF-413D-B8E6-AA14BF714D9F}.Release|x86.ActiveCfg = Release|Any CPU
		{9F0904A9-399C-4CE8-9914-493439390D68}.Debug|Any CPU.ActiveCfg = Debug|Any CPU
		{9F0904A9-399C-4CE8-9914-493439390D68}.Debug|Any CPU.Build.0 = Debug|Any CPU
		{9F0904A9-399C-4CE8-9914-493439390D68}.Debug|x86.ActiveCfg = Debug|Any CPU
		{9F0904A9-399C-4CE8-9914-493439390D68}.Release|Any CPU.ActiveCfg = Release|Any CPU
		{9F0904A9-399C-4CE8-9914-493439390D68}.Release|Any CPU.Build.0 = Release|Any CPU
		{9F0904A9-399C-4CE8-9914-493439390D68}.Release|x86.ActiveCfg = Release|Any CPU
		{5A7A805A-FE32-465B-8E7B-BA35795E4E26}.Debug|Any CPU.ActiveCfg = Debug|Any CPU
		{5A7A805A-FE32-465B-8E7B-BA35795E4E26}.Debug|Any CPU.Build.0 = Debug|Any CPU
		{5A7A805A-FE32-465B-8E7B-BA35795E4E26}.Debug|x86.ActiveCfg = Debug|Any CPU
		{5A7A805A-FE32-465B-8E7B-BA35795E4E26}.Release|Any CPU.ActiveCfg = Release|Any CPU
		{5A7A805A-FE32-465B-8E7B-BA35795E4E26}.Release|Any CPU.Build.0 = Release|Any CPU
		{5A7A805A-FE32-465B-8E7B-BA35795E4E26}.Release|x86.ActiveCfg = Release|Any CPU
		{F5D593BA-4C43-4392-8A48-AA79B29DB1FB}.Debug|Any CPU.ActiveCfg = Debug|Any CPU
		{F5D593BA-4C43-4392-8A48-AA79B29DB1FB}.Debug|Any CPU.Build.0 = Debug|Any CPU
		{F5D593BA-4C43-4392-8A48-AA79B29DB1FB}.Debug|x86.ActiveCfg = Debug|Any CPU
		{F5D593BA-4C43-4392-8A48-AA79B29DB1FB}.Release|Any CPU.ActiveCfg = Release|Any CPU
		{F5D593BA-4C43-4392-8A48-AA79B29DB1FB}.Release|Any CPU.Build.0 = Release|Any CPU
		{F5D593BA-4C43-4392-8A48-AA79B29DB1FB}.Release|x86.ActiveCfg = Release|Any CPU
		{A841E4DD-6182-40E6-A880-E466F6DAB7AE}.Debug|Any CPU.ActiveCfg = Debug|Any CPU
		{A841E4DD-6182-40E6-A880-E466F6DAB7AE}.Debug|Any CPU.Build.0 = Debug|Any CPU
		{A841E4DD-6182-40E6-A880-E466F6DAB7AE}.Debug|x86.ActiveCfg = Debug|x86
		{A841E4DD-6182-40E6-A880-E466F6DAB7AE}.Release|Any CPU.ActiveCfg = Release|Any CPU
		{A841E4DD-6182-40E6-A880-E466F6DAB7AE}.Release|Any CPU.Build.0 = Release|Any CPU
		{A841E4DD-6182-40E6-A880-E466F6DAB7AE}.Release|x86.ActiveCfg = Release|x86
		{A841E4DD-6182-40E6-A880-E466F6DAB7AE}.Release|x86.Build.0 = Release|x86
		{D56FBC39-1D38-4814-87F8-D4185B82B2ED}.Debug|Any CPU.ActiveCfg = Debug|Any CPU
		{D56FBC39-1D38-4814-87F8-D4185B82B2ED}.Debug|Any CPU.Build.0 = Debug|Any CPU
		{D56FBC39-1D38-4814-87F8-D4185B82B2ED}.Debug|x86.ActiveCfg = Debug|Any CPU
		{D56FBC39-1D38-4814-87F8-D4185B82B2ED}.Release|Any CPU.ActiveCfg = Release|Any CPU
		{D56FBC39-1D38-4814-87F8-D4185B82B2ED}.Release|Any CPU.Build.0 = Release|Any CPU
		{D56FBC39-1D38-4814-87F8-D4185B82B2ED}.Release|x86.ActiveCfg = Release|Any CPU
		{CDA22C4E-437E-47C0-887C-8EED17F13A17}.Debug|Any CPU.ActiveCfg = Debug|Any CPU
		{CDA22C4E-437E-47C0-887C-8EED17F13A17}.Debug|Any CPU.Build.0 = Debug|Any CPU
		{CDA22C4E-437E-47C0-887C-8EED17F13A17}.Debug|x86.ActiveCfg = Debug|Any CPU
		{CDA22C4E-437E-47C0-887C-8EED17F13A17}.Release|Any CPU.ActiveCfg = Release|Any CPU
		{CDA22C4E-437E-47C0-887C-8EED17F13A17}.Release|Any CPU.Build.0 = Release|Any CPU
		{CDA22C4E-437E-47C0-887C-8EED17F13A17}.Release|x86.ActiveCfg = Release|Any CPU
		{51654E39-1E67-4A9E-8F37-8325E3B5B7A4}.Debug|Any CPU.ActiveCfg = Debug|Any CPU
		{51654E39-1E67-4A9E-8F37-8325E3B5B7A4}.Debug|Any CPU.Build.0 = Debug|Any CPU
		{51654E39-1E67-4A9E-8F37-8325E3B5B7A4}.Debug|x86.ActiveCfg = Debug|Any CPU
		{51654E39-1E67-4A9E-8F37-8325E3B5B7A4}.Debug|x86.Build.0 = Debug|Any CPU
		{51654E39-1E67-4A9E-8F37-8325E3B5B7A4}.Release|Any CPU.ActiveCfg = Release|Any CPU
		{51654E39-1E67-4A9E-8F37-8325E3B5B7A4}.Release|Any CPU.Build.0 = Release|Any CPU
		{51654E39-1E67-4A9E-8F37-8325E3B5B7A4}.Release|x86.ActiveCfg = Release|x86
		{51654E39-1E67-4A9E-8F37-8325E3B5B7A4}.Release|x86.Build.0 = Release|x86
		{CF09F575-015E-4D86-91DD-80CC3291583D}.Debug|Any CPU.ActiveCfg = Debug|Any CPU
		{CF09F575-015E-4D86-91DD-80CC3291583D}.Debug|Any CPU.Build.0 = Debug|Any CPU
		{CF09F575-015E-4D86-91DD-80CC3291583D}.Debug|x86.ActiveCfg = Debug|Any CPU
		{CF09F575-015E-4D86-91DD-80CC3291583D}.Release|Any CPU.ActiveCfg = Release|Any CPU
		{CF09F575-015E-4D86-91DD-80CC3291583D}.Release|Any CPU.Build.0 = Release|Any CPU
		{CF09F575-015E-4D86-91DD-80CC3291583D}.Release|x86.ActiveCfg = Release|Any CPU
		{79DBF057-614E-426D-A83B-AB1754369FBF}.Debug|Any CPU.ActiveCfg = Debug|Any CPU
		{79DBF057-614E-426D-A83B-AB1754369FBF}.Debug|Any CPU.Build.0 = Debug|Any CPU
		{79DBF057-614E-426D-A83B-AB1754369FBF}.Debug|x86.ActiveCfg = Debug|Any CPU
		{79DBF057-614E-426D-A83B-AB1754369FBF}.Release|Any CPU.ActiveCfg = Release|Any CPU
		{79DBF057-614E-426D-A83B-AB1754369FBF}.Release|Any CPU.Build.0 = Release|Any CPU
		{79DBF057-614E-426D-A83B-AB1754369FBF}.Release|x86.ActiveCfg = Release|Any CPU
		{7AB5085C-67DD-4624-95A3-64BC1BF3396B}.Debug|Any CPU.ActiveCfg = Debug|Any CPU
		{7AB5085C-67DD-4624-95A3-64BC1BF3396B}.Debug|Any CPU.Build.0 = Debug|Any CPU
		{7AB5085C-67DD-4624-95A3-64BC1BF3396B}.Debug|x86.ActiveCfg = Debug|Any CPU
		{7AB5085C-67DD-4624-95A3-64BC1BF3396B}.Release|Any CPU.ActiveCfg = Release|Any CPU
		{7AB5085C-67DD-4624-95A3-64BC1BF3396B}.Release|Any CPU.Build.0 = Release|Any CPU
		{7AB5085C-67DD-4624-95A3-64BC1BF3396B}.Release|x86.ActiveCfg = Release|Any CPU
		{4D0C1C35-A536-4882-95D8-020C719A4668}.Debug|Any CPU.ActiveCfg = Debug|Any CPU
		{4D0C1C35-A536-4882-95D8-020C719A4668}.Debug|Any CPU.Build.0 = Debug|Any CPU
		{4D0C1C35-A536-4882-95D8-020C719A4668}.Debug|x86.ActiveCfg = Debug|Any CPU
		{4D0C1C35-A536-4882-95D8-020C719A4668}.Release|Any CPU.ActiveCfg = Release|Any CPU
		{4D0C1C35-A536-4882-95D8-020C719A4668}.Release|Any CPU.Build.0 = Release|Any CPU
		{4D0C1C35-A536-4882-95D8-020C719A4668}.Release|x86.ActiveCfg = Release|Any CPU
		{425022FE-7D67-42C0-A3C6-0976549E9D47}.Debug|Any CPU.ActiveCfg = Debug|Any CPU
		{425022FE-7D67-42C0-A3C6-0976549E9D47}.Debug|Any CPU.Build.0 = Debug|Any CPU
		{425022FE-7D67-42C0-A3C6-0976549E9D47}.Debug|x86.ActiveCfg = Debug|Any CPU
		{425022FE-7D67-42C0-A3C6-0976549E9D47}.Release|Any CPU.ActiveCfg = Release|Any CPU
		{425022FE-7D67-42C0-A3C6-0976549E9D47}.Release|Any CPU.Build.0 = Release|Any CPU
		{425022FE-7D67-42C0-A3C6-0976549E9D47}.Release|x86.ActiveCfg = Release|Any CPU
		{F6F6243C-0517-4976-B7A3-6BBF0DE3EDEE}.Debug|Any CPU.ActiveCfg = Debug|Any CPU
		{F6F6243C-0517-4976-B7A3-6BBF0DE3EDEE}.Debug|Any CPU.Build.0 = Debug|Any CPU
		{F6F6243C-0517-4976-B7A3-6BBF0DE3EDEE}.Debug|x86.ActiveCfg = Debug|Any CPU
		{F6F6243C-0517-4976-B7A3-6BBF0DE3EDEE}.Release|Any CPU.ActiveCfg = Release|Any CPU
		{F6F6243C-0517-4976-B7A3-6BBF0DE3EDEE}.Release|Any CPU.Build.0 = Release|Any CPU
		{F6F6243C-0517-4976-B7A3-6BBF0DE3EDEE}.Release|x86.ActiveCfg = Release|Any CPU
	EndGlobalSection
	GlobalSection(SolutionProperties) = preSolution
		HideSolutionNode = FALSE
	EndGlobalSection
EndGlobal
